// !$*UTF8*$!
{
	archiveVersion = 1;
	classes = {
	};
	objectVersion = 46;
	objects = {

/* Begin PBXBuildFile section */
		0F7A63311E769BB6007B6B07 /* main.m in Sources */ = {isa = PBXBuildFile; fileRef = 0F7A63301E769BB6007B6B07 /* main.m */; };
		0F7A63341E769BB6007B6B07 /* AppDelegate.m in Sources */ = {isa = PBXBuildFile; fileRef = 0F7A63331E769BB6007B6B07 /* AppDelegate.m */; };
		0F7A633A1E769BB6007B6B07 /* Main.storyboard in Resources */ = {isa = PBXBuildFile; fileRef = 0F7A63381E769BB6007B6B07 /* Main.storyboard */; };
		0F7A633C1E769BB6007B6B07 /* Assets.xcassets in Resources */ = {isa = PBXBuildFile; fileRef = 0F7A633B1E769BB6007B6B07 /* Assets.xcassets */; };
		0F7A633F1E769BB6007B6B07 /* LaunchScreen.storyboard in Resources */ = {isa = PBXBuildFile; fileRef = 0F7A633D1E769BB6007B6B07 /* LaunchScreen.storyboard */; };
		5A3AA44B2076238F0078E718 /* DeliveryInputField.m in Sources */ = {isa = PBXBuildFile; fileRef = 5A3AA4472076238F0078E718 /* DeliveryInputField.m */; };
		5A3AA44C2076238F0078E718 /* DeliveryMethod.m in Sources */ = {isa = PBXBuildFile; fileRef = 5A3AA4492076238F0078E718 /* DeliveryMethod.m */; };
		5AAAC50C2063B0EA001A486B /* TextFieldCell.m in Sources */ = {isa = PBXBuildFile; fileRef = 5AAAC4FD2063B0E9001A486B /* TextFieldCell.m */; };
		5AAAC50D2063B0EA001A486B /* RestaurantInfoCell.m in Sources */ = {isa = PBXBuildFile; fileRef = 5AAAC4FF2063B0E9001A486B /* RestaurantInfoCell.m */; };
		5AAAC50E2063B0EA001A486B /* ShoppingCartCell.m in Sources */ = {isa = PBXBuildFile; fileRef = 5AAAC5002063B0E9001A486B /* ShoppingCartCell.m */; };
		5AAAC50F2063B0EA001A486B /* ItemInfoCell.m in Sources */ = {isa = PBXBuildFile; fileRef = 5AAAC5032063B0E9001A486B /* ItemInfoCell.m */; };
		5AAAC5102063B0EA001A486B /* SizeAndPriceCell.m in Sources */ = {isa = PBXBuildFile; fileRef = 5AAAC5042063B0E9001A486B /* SizeAndPriceCell.m */; };
		5AAAC5112063B0EA001A486B /* ItemCell.m in Sources */ = {isa = PBXBuildFile; fileRef = 5AAAC5062063B0E9001A486B /* ItemCell.m */; };
		5AAAC5122063B0EA001A486B /* OptionsAndExtrasCell.m in Sources */ = {isa = PBXBuildFile; fileRef = 5AAAC5072063B0EA001A486B /* OptionsAndExtrasCell.m */; };
		5AAAC5132063B0EA001A486B /* TextViewCell.m in Sources */ = {isa = PBXBuildFile; fileRef = 5AAAC5082063B0EA001A486B /* TextViewCell.m */; };
		5AAAC5192063B101001A486B /* MapPin.m in Sources */ = {isa = PBXBuildFile; fileRef = 5AAAC5182063B101001A486B /* MapPin.m */; };
		5AAAC51E2063B10D001A486B /* ShoppingCartItem.m in Sources */ = {isa = PBXBuildFile; fileRef = 5AAAC51A2063B10C001A486B /* ShoppingCartItem.m */; };
		5AAAC51F2063B10D001A486B /* ShoppingCart.m in Sources */ = {isa = PBXBuildFile; fileRef = 5AAAC51B2063B10C001A486B /* ShoppingCart.m */; };
		5AAAC5242063B116001A486B /* UserDefaultsHelper.m in Sources */ = {isa = PBXBuildFile; fileRef = 5AAAC5212063B116001A486B /* UserDefaultsHelper.m */; };
		5AAAC5252063B116001A486B /* ColorHelper.m in Sources */ = {isa = PBXBuildFile; fileRef = 5AAAC5222063B116001A486B /* ColorHelper.m */; };
		5AAAC5282063B129001A486B /* AlertViewController.m in Sources */ = {isa = PBXBuildFile; fileRef = 5AAAC5272063B129001A486B /* AlertViewController.m */; };
		5AAAC52B2063B180001A486B /* ItemDetailsViewController.m in Sources */ = {isa = PBXBuildFile; fileRef = 5AAAC5292063B180001A486B /* ItemDetailsViewController.m */; };
		5AAAC5352063B194001A486B /* AboutUsViewController.m in Sources */ = {isa = PBXBuildFile; fileRef = 5AAAC52C2063B194001A486B /* AboutUsViewController.m */; };
		5AAAC5362063B194001A486B /* DeliveryMethodsViewController.m in Sources */ = {isa = PBXBuildFile; fileRef = 5AAAC52F2063B194001A486B /* DeliveryMethodsViewController.m */; };
		5AAAC5372063B194001A486B /* MapViewController.m in Sources */ = {isa = PBXBuildFile; fileRef = 5AAAC5312063B194001A486B /* MapViewController.m */; };
		5AAAC5382063B194001A486B /* DeliveryViewController.m in Sources */ = {isa = PBXBuildFile; fileRef = 5AAAC5322063B194001A486B /* DeliveryViewController.m */; };
		5AAAC53C2063B6DC001A486B /* ShoppingCartViewController.m in Sources */ = {isa = PBXBuildFile; fileRef = 5AAAC53B2063B6DB001A486B /* ShoppingCartViewController.m */; };
		5ABE8A87204592D000211CF5 /* Price.m in Sources */ = {isa = PBXBuildFile; fileRef = 5ABE8A71204592CE00211CF5 /* Price.m */; };
		5ABE8A88204592D000211CF5 /* Article.m in Sources */ = {isa = PBXBuildFile; fileRef = 5ABE8A72204592CE00211CF5 /* Article.m */; };
		5ABE8A89204592D000211CF5 /* OpenHoursInfo.m in Sources */ = {isa = PBXBuildFile; fileRef = 5ABE8A74204592CE00211CF5 /* OpenHoursInfo.m */; };
		5ABE8A8A204592D000211CF5 /* Picture.m in Sources */ = {isa = PBXBuildFile; fileRef = 5ABE8A76204592CE00211CF5 /* Picture.m */; };
		5ABE8A8B204592D000211CF5 /* Tag.m in Sources */ = {isa = PBXBuildFile; fileRef = 5ABE8A7A204592CF00211CF5 /* Tag.m */; };
		5ABE8A8C204592D000211CF5 /* Business.m in Sources */ = {isa = PBXBuildFile; fileRef = 5ABE8A7C204592CF00211CF5 /* Business.m */; };
		5ABE8A8D204592D000211CF5 /* MenuItem.m in Sources */ = {isa = PBXBuildFile; fileRef = 5ABE8A7D204592CF00211CF5 /* MenuItem.m */; };
		5ABE8A8E204592D000211CF5 /* StandardOption.m in Sources */ = {isa = PBXBuildFile; fileRef = 5ABE8A7E204592CF00211CF5 /* StandardOption.m */; };
		5ABE8A8F204592D000211CF5 /* Category.m in Sources */ = {isa = PBXBuildFile; fileRef = 5ABE8A81204592CF00211CF5 /* Category.m */; };
		5ABE8A90204592D000211CF5 /* ExtraOption.m in Sources */ = {isa = PBXBuildFile; fileRef = 5ABE8A83204592D000211CF5 /* ExtraOption.m */; };
		5ABE8A91204592D000211CF5 /* Map.m in Sources */ = {isa = PBXBuildFile; fileRef = 5ABE8A86204592D000211CF5 /* Map.m */; };
		5ABE8A9A204592DC00211CF5 /* LoginViewController.m in Sources */ = {isa = PBXBuildFile; fileRef = 5ABE8A92204592DB00211CF5 /* LoginViewController.m */; };
		5ABE8A9B204592DC00211CF5 /* HomeViewController.m in Sources */ = {isa = PBXBuildFile; fileRef = 5ABE8A94204592DB00211CF5 /* HomeViewController.m */; };
		5ABE8A9C204592DC00211CF5 /* SplitViewController.m in Sources */ = {isa = PBXBuildFile; fileRef = 5ABE8A95204592DB00211CF5 /* SplitViewController.m */; };
		5ABE8A9D204592DC00211CF5 /* ItemsViewController.m in Sources */ = {isa = PBXBuildFile; fileRef = 5ABE8A98204592DC00211CF5 /* ItemsViewController.m */; };
		5AFDF41E2069065300F8E0C3 /* PictureHelper.m in Sources */ = {isa = PBXBuildFile; fileRef = 5AFDF41C2069065300F8E0C3 /* PictureHelper.m */; };
		91D9365A81D79DDF27BD99C4 /* Pods_restaurant.framework in Frameworks */ = {isa = PBXBuildFile; fileRef = BA0561315B2E0054D307DFEF /* Pods_restaurant.framework */; };
/* End PBXBuildFile section */

/* Begin PBXFileReference section */
		0F7A632C1E769BB6007B6B07 /* restaurant.app */ = {isa = PBXFileReference; explicitFileType = wrapper.application; includeInIndex = 0; path = restaurant.app; sourceTree = BUILT_PRODUCTS_DIR; };
		0F7A63301E769BB6007B6B07 /* main.m */ = {isa = PBXFileReference; lastKnownFileType = sourcecode.c.objc; path = main.m; sourceTree = "<group>"; };
		0F7A63321E769BB6007B6B07 /* AppDelegate.h */ = {isa = PBXFileReference; lastKnownFileType = sourcecode.c.h; path = AppDelegate.h; sourceTree = "<group>"; };
		0F7A63331E769BB6007B6B07 /* AppDelegate.m */ = {isa = PBXFileReference; lastKnownFileType = sourcecode.c.objc; path = AppDelegate.m; sourceTree = "<group>"; };
		0F7A63391E769BB6007B6B07 /* Base */ = {isa = PBXFileReference; lastKnownFileType = file.storyboard; name = Base; path = Base.lproj/Main.storyboard; sourceTree = "<group>"; };
		0F7A633B1E769BB6007B6B07 /* Assets.xcassets */ = {isa = PBXFileReference; lastKnownFileType = folder.assetcatalog; path = Assets.xcassets; sourceTree = "<group>"; };
		0F7A633E1E769BB6007B6B07 /* Base */ = {isa = PBXFileReference; lastKnownFileType = file.storyboard; name = Base; path = Base.lproj/LaunchScreen.storyboard; sourceTree = "<group>"; };
		0F7A63401E769BB6007B6B07 /* Info.plist */ = {isa = PBXFileReference; lastKnownFileType = text.plist.xml; path = Info.plist; sourceTree = "<group>"; };
		5A3AA4472076238F0078E718 /* DeliveryInputField.m */ = {isa = PBXFileReference; fileEncoding = 4; lastKnownFileType = sourcecode.c.objc; name = DeliveryInputField.m; path = Data/DeliveryInputField.m; sourceTree = "<group>"; };
		5A3AA4482076238F0078E718 /* DeliveryMethod.h */ = {isa = PBXFileReference; fileEncoding = 4; lastKnownFileType = sourcecode.c.h; name = DeliveryMethod.h; path = Data/DeliveryMethod.h; sourceTree = "<group>"; };
		5A3AA4492076238F0078E718 /* DeliveryMethod.m */ = {isa = PBXFileReference; fileEncoding = 4; lastKnownFileType = sourcecode.c.objc; name = DeliveryMethod.m; path = Data/DeliveryMethod.m; sourceTree = "<group>"; };
		5A3AA44A2076238F0078E718 /* DeliveryInputField.h */ = {isa = PBXFileReference; fileEncoding = 4; lastKnownFileType = sourcecode.c.h; name = DeliveryInputField.h; path = Data/DeliveryInputField.h; sourceTree = "<group>"; };
		5AAAC4FC2063B0E9001A486B /* ItemInfoCell.h */ = {isa = PBXFileReference; fileEncoding = 4; lastKnownFileType = sourcecode.c.h; name = ItemInfoCell.h; path = Cell/ItemInfoCell.h; sourceTree = "<group>"; };
		5AAAC4FD2063B0E9001A486B /* TextFieldCell.m */ = {isa = PBXFileReference; fileEncoding = 4; lastKnownFileType = sourcecode.c.objc; name = TextFieldCell.m; path = Cell/TextFieldCell.m; sourceTree = "<group>"; };
		5AAAC4FE2063B0E9001A486B /* TextFieldCell.h */ = {isa = PBXFileReference; fileEncoding = 4; lastKnownFileType = sourcecode.c.h; name = TextFieldCell.h; path = Cell/TextFieldCell.h; sourceTree = "<group>"; };
		5AAAC4FF2063B0E9001A486B /* RestaurantInfoCell.m */ = {isa = PBXFileReference; fileEncoding = 4; lastKnownFileType = sourcecode.c.objc; name = RestaurantInfoCell.m; path = Cell/RestaurantInfoCell.m; sourceTree = "<group>"; };
		5AAAC5002063B0E9001A486B /* ShoppingCartCell.m */ = {isa = PBXFileReference; fileEncoding = 4; lastKnownFileType = sourcecode.c.objc; name = ShoppingCartCell.m; path = Cell/ShoppingCartCell.m; sourceTree = "<group>"; };
		5AAAC5012063B0E9001A486B /* ItemCell.h */ = {isa = PBXFileReference; fileEncoding = 4; lastKnownFileType = sourcecode.c.h; name = ItemCell.h; path = Cell/ItemCell.h; sourceTree = "<group>"; };
		5AAAC5022063B0E9001A486B /* ShoppingCartCell.h */ = {isa = PBXFileReference; fileEncoding = 4; lastKnownFileType = sourcecode.c.h; name = ShoppingCartCell.h; path = Cell/ShoppingCartCell.h; sourceTree = "<group>"; };
		5AAAC5032063B0E9001A486B /* ItemInfoCell.m */ = {isa = PBXFileReference; fileEncoding = 4; lastKnownFileType = sourcecode.c.objc; name = ItemInfoCell.m; path = Cell/ItemInfoCell.m; sourceTree = "<group>"; };
		5AAAC5042063B0E9001A486B /* SizeAndPriceCell.m */ = {isa = PBXFileReference; fileEncoding = 4; lastKnownFileType = sourcecode.c.objc; name = SizeAndPriceCell.m; path = Cell/SizeAndPriceCell.m; sourceTree = "<group>"; };
		5AAAC5052063B0E9001A486B /* OptionsAndExtrasCell.h */ = {isa = PBXFileReference; fileEncoding = 4; lastKnownFileType = sourcecode.c.h; name = OptionsAndExtrasCell.h; path = Cell/OptionsAndExtrasCell.h; sourceTree = "<group>"; };
		5AAAC5062063B0E9001A486B /* ItemCell.m */ = {isa = PBXFileReference; fileEncoding = 4; lastKnownFileType = sourcecode.c.objc; name = ItemCell.m; path = Cell/ItemCell.m; sourceTree = "<group>"; };
		5AAAC5072063B0EA001A486B /* OptionsAndExtrasCell.m */ = {isa = PBXFileReference; fileEncoding = 4; lastKnownFileType = sourcecode.c.objc; name = OptionsAndExtrasCell.m; path = Cell/OptionsAndExtrasCell.m; sourceTree = "<group>"; };
		5AAAC5082063B0EA001A486B /* TextViewCell.m */ = {isa = PBXFileReference; fileEncoding = 4; lastKnownFileType = sourcecode.c.objc; name = TextViewCell.m; path = Cell/TextViewCell.m; sourceTree = "<group>"; };
		5AAAC5092063B0EA001A486B /* SizeAndPriceCell.h */ = {isa = PBXFileReference; fileEncoding = 4; lastKnownFileType = sourcecode.c.h; name = SizeAndPriceCell.h; path = Cell/SizeAndPriceCell.h; sourceTree = "<group>"; };
		5AAAC50A2063B0EA001A486B /* TextViewCell.h */ = {isa = PBXFileReference; fileEncoding = 4; lastKnownFileType = sourcecode.c.h; name = TextViewCell.h; path = Cell/TextViewCell.h; sourceTree = "<group>"; };
		5AAAC50B2063B0EA001A486B /* RestaurantInfoCell.h */ = {isa = PBXFileReference; fileEncoding = 4; lastKnownFileType = sourcecode.c.h; name = RestaurantInfoCell.h; path = Cell/RestaurantInfoCell.h; sourceTree = "<group>"; };
		5AAAC5172063B101001A486B /* MapPin.h */ = {isa = PBXFileReference; fileEncoding = 4; lastKnownFileType = sourcecode.c.h; name = MapPin.h; path = Map/MapPin.h; sourceTree = "<group>"; };
		5AAAC5182063B101001A486B /* MapPin.m */ = {isa = PBXFileReference; fileEncoding = 4; lastKnownFileType = sourcecode.c.objc; name = MapPin.m; path = Map/MapPin.m; sourceTree = "<group>"; };
		5AAAC51A2063B10C001A486B /* ShoppingCartItem.m */ = {isa = PBXFileReference; fileEncoding = 4; lastKnownFileType = sourcecode.c.objc; name = ShoppingCartItem.m; path = ShoppingCart/ShoppingCartItem.m; sourceTree = "<group>"; };
		5AAAC51B2063B10C001A486B /* ShoppingCart.m */ = {isa = PBXFileReference; fileEncoding = 4; lastKnownFileType = sourcecode.c.objc; name = ShoppingCart.m; path = ShoppingCart/ShoppingCart.m; sourceTree = "<group>"; };
		5AAAC51C2063B10C001A486B /* ShoppingCart.h */ = {isa = PBXFileReference; fileEncoding = 4; lastKnownFileType = sourcecode.c.h; name = ShoppingCart.h; path = ShoppingCart/ShoppingCart.h; sourceTree = "<group>"; };
		5AAAC51D2063B10D001A486B /* ShoppingCartItem.h */ = {isa = PBXFileReference; fileEncoding = 4; lastKnownFileType = sourcecode.c.h; name = ShoppingCartItem.h; path = ShoppingCart/ShoppingCartItem.h; sourceTree = "<group>"; };
		5AAAC5202063B116001A486B /* ColorHelper.h */ = {isa = PBXFileReference; fileEncoding = 4; lastKnownFileType = sourcecode.c.h; name = ColorHelper.h; path = Utils/ColorHelper.h; sourceTree = "<group>"; };
		5AAAC5212063B116001A486B /* UserDefaultsHelper.m */ = {isa = PBXFileReference; fileEncoding = 4; lastKnownFileType = sourcecode.c.objc; name = UserDefaultsHelper.m; path = Utils/UserDefaultsHelper.m; sourceTree = "<group>"; };
		5AAAC5222063B116001A486B /* ColorHelper.m */ = {isa = PBXFileReference; fileEncoding = 4; lastKnownFileType = sourcecode.c.objc; name = ColorHelper.m; path = Utils/ColorHelper.m; sourceTree = "<group>"; };
		5AAAC5232063B116001A486B /* UserDefaultsHelper.h */ = {isa = PBXFileReference; fileEncoding = 4; lastKnownFileType = sourcecode.c.h; name = UserDefaultsHelper.h; path = Utils/UserDefaultsHelper.h; sourceTree = "<group>"; };
		5AAAC5262063B128001A486B /* AlertViewController.h */ = {isa = PBXFileReference; fileEncoding = 4; lastKnownFileType = sourcecode.c.h; name = AlertViewController.h; path = "View Controllers/AlertViewController.h"; sourceTree = "<group>"; };
		5AAAC5272063B129001A486B /* AlertViewController.m */ = {isa = PBXFileReference; fileEncoding = 4; lastKnownFileType = sourcecode.c.objc; name = AlertViewController.m; path = "View Controllers/AlertViewController.m"; sourceTree = "<group>"; };
		5AAAC5292063B180001A486B /* ItemDetailsViewController.m */ = {isa = PBXFileReference; fileEncoding = 4; lastKnownFileType = sourcecode.c.objc; name = ItemDetailsViewController.m; path = "View Controllers/ItemDetailsViewController.m"; sourceTree = "<group>"; };
		5AAAC52A2063B180001A486B /* ItemDetailsViewController.h */ = {isa = PBXFileReference; fileEncoding = 4; lastKnownFileType = sourcecode.c.h; name = ItemDetailsViewController.h; path = "View Controllers/ItemDetailsViewController.h"; sourceTree = "<group>"; };
		5AAAC52C2063B194001A486B /* AboutUsViewController.m */ = {isa = PBXFileReference; fileEncoding = 4; lastKnownFileType = sourcecode.c.objc; name = AboutUsViewController.m; path = "View Controllers/AboutUsViewController.m"; sourceTree = "<group>"; };
		5AAAC52D2063B194001A486B /* MapViewController.h */ = {isa = PBXFileReference; fileEncoding = 4; lastKnownFileType = sourcecode.c.h; name = MapViewController.h; path = "View Controllers/MapViewController.h"; sourceTree = "<group>"; };
		5AAAC52E2063B194001A486B /* ShoppingCartViewController.h */ = {isa = PBXFileReference; fileEncoding = 4; lastKnownFileType = sourcecode.c.h; name = ShoppingCartViewController.h; path = "View Controllers/ShoppingCartViewController.h"; sourceTree = "<group>"; };
		5AAAC52F2063B194001A486B /* DeliveryMethodsViewController.m */ = {isa = PBXFileReference; fileEncoding = 4; lastKnownFileType = sourcecode.c.objc; name = DeliveryMethodsViewController.m; path = "View Controllers/DeliveryMethodsViewController.m"; sourceTree = "<group>"; };
		5AAAC5302063B194001A486B /* DeliveryViewController.h */ = {isa = PBXFileReference; fileEncoding = 4; lastKnownFileType = sourcecode.c.h; name = DeliveryViewController.h; path = "View Controllers/DeliveryViewController.h"; sourceTree = "<group>"; };
		5AAAC5312063B194001A486B /* MapViewController.m */ = {isa = PBXFileReference; fileEncoding = 4; lastKnownFileType = sourcecode.c.objc; name = MapViewController.m; path = "View Controllers/MapViewController.m"; sourceTree = "<group>"; };
		5AAAC5322063B194001A486B /* DeliveryViewController.m */ = {isa = PBXFileReference; fileEncoding = 4; lastKnownFileType = sourcecode.c.objc; name = DeliveryViewController.m; path = "View Controllers/DeliveryViewController.m"; sourceTree = "<group>"; };
		5AAAC5332063B194001A486B /* DeliveryMethodsViewController.h */ = {isa = PBXFileReference; fileEncoding = 4; lastKnownFileType = sourcecode.c.h; name = DeliveryMethodsViewController.h; path = "View Controllers/DeliveryMethodsViewController.h"; sourceTree = "<group>"; };
		5AAAC5342063B194001A486B /* AboutUsViewController.h */ = {isa = PBXFileReference; fileEncoding = 4; lastKnownFileType = sourcecode.c.h; name = AboutUsViewController.h; path = "View Controllers/AboutUsViewController.h"; sourceTree = "<group>"; };
		5AAAC53B2063B6DB001A486B /* ShoppingCartViewController.m */ = {isa = PBXFileReference; fileEncoding = 4; lastKnownFileType = sourcecode.c.objc; name = ShoppingCartViewController.m; path = "View Controllers/ShoppingCartViewController.m"; sourceTree = "<group>"; };
		5AB62E4B2068F122009DB3C6 /* libbkndlss-simulator.a */ = {isa = PBXFileReference; lastKnownFileType = archive.ar; name = "libbkndlss-simulator.a"; path = "lib/backendless/libbkndlss-simulator.a"; sourceTree = "<group>"; };
		5ABE8A71204592CE00211CF5 /* Price.m */ = {isa = PBXFileReference; fileEncoding = 4; lastKnownFileType = sourcecode.c.objc; name = Price.m; path = Data/Price.m; sourceTree = "<group>"; };
		5ABE8A72204592CE00211CF5 /* Article.m */ = {isa = PBXFileReference; fileEncoding = 4; lastKnownFileType = sourcecode.c.objc; name = Article.m; path = Data/Article.m; sourceTree = "<group>"; };
		5ABE8A73204592CE00211CF5 /* Tag.h */ = {isa = PBXFileReference; fileEncoding = 4; lastKnownFileType = sourcecode.c.h; name = Tag.h; path = Data/Tag.h; sourceTree = "<group>"; };
		5ABE8A74204592CE00211CF5 /* OpenHoursInfo.m */ = {isa = PBXFileReference; fileEncoding = 4; lastKnownFileType = sourcecode.c.objc; name = OpenHoursInfo.m; path = Data/OpenHoursInfo.m; sourceTree = "<group>"; };
		5ABE8A75204592CE00211CF5 /* Business.h */ = {isa = PBXFileReference; fileEncoding = 4; lastKnownFileType = sourcecode.c.h; name = Business.h; path = Data/Business.h; sourceTree = "<group>"; };
		5ABE8A76204592CE00211CF5 /* Picture.m */ = {isa = PBXFileReference; fileEncoding = 4; lastKnownFileType = sourcecode.c.objc; name = Picture.m; path = Data/Picture.m; sourceTree = "<group>"; };
		5ABE8A77204592CE00211CF5 /* Price.h */ = {isa = PBXFileReference; fileEncoding = 4; lastKnownFileType = sourcecode.c.h; name = Price.h; path = Data/Price.h; sourceTree = "<group>"; };
		5ABE8A78204592CF00211CF5 /* Map.h */ = {isa = PBXFileReference; fileEncoding = 4; lastKnownFileType = sourcecode.c.h; name = Map.h; path = Data/Map.h; sourceTree = "<group>"; };
		5ABE8A79204592CF00211CF5 /* Category.h */ = {isa = PBXFileReference; fileEncoding = 4; lastKnownFileType = sourcecode.c.h; name = Category.h; path = Data/Category.h; sourceTree = "<group>"; };
		5ABE8A7A204592CF00211CF5 /* Tag.m */ = {isa = PBXFileReference; fileEncoding = 4; lastKnownFileType = sourcecode.c.objc; name = Tag.m; path = Data/Tag.m; sourceTree = "<group>"; };
		5ABE8A7B204592CF00211CF5 /* MenuItem.h */ = {isa = PBXFileReference; fileEncoding = 4; lastKnownFileType = sourcecode.c.h; name = MenuItem.h; path = Data/MenuItem.h; sourceTree = "<group>"; };
		5ABE8A7C204592CF00211CF5 /* Business.m */ = {isa = PBXFileReference; fileEncoding = 4; lastKnownFileType = sourcecode.c.objc; name = Business.m; path = Data/Business.m; sourceTree = "<group>"; };
		5ABE8A7D204592CF00211CF5 /* MenuItem.m */ = {isa = PBXFileReference; fileEncoding = 4; lastKnownFileType = sourcecode.c.objc; name = MenuItem.m; path = Data/MenuItem.m; sourceTree = "<group>"; };
		5ABE8A7E204592CF00211CF5 /* StandardOption.m */ = {isa = PBXFileReference; fileEncoding = 4; lastKnownFileType = sourcecode.c.objc; name = StandardOption.m; path = Data/StandardOption.m; sourceTree = "<group>"; };
		5ABE8A7F204592CF00211CF5 /* StandardOption.h */ = {isa = PBXFileReference; fileEncoding = 4; lastKnownFileType = sourcecode.c.h; name = StandardOption.h; path = Data/StandardOption.h; sourceTree = "<group>"; };
		5ABE8A80204592CF00211CF5 /* Picture.h */ = {isa = PBXFileReference; fileEncoding = 4; lastKnownFileType = sourcecode.c.h; name = Picture.h; path = Data/Picture.h; sourceTree = "<group>"; };
		5ABE8A81204592CF00211CF5 /* Category.m */ = {isa = PBXFileReference; fileEncoding = 4; lastKnownFileType = sourcecode.c.objc; name = Category.m; path = Data/Category.m; sourceTree = "<group>"; };
		5ABE8A82204592CF00211CF5 /* OpenHoursInfo.h */ = {isa = PBXFileReference; fileEncoding = 4; lastKnownFileType = sourcecode.c.h; name = OpenHoursInfo.h; path = Data/OpenHoursInfo.h; sourceTree = "<group>"; };
		5ABE8A83204592D000211CF5 /* ExtraOption.m */ = {isa = PBXFileReference; fileEncoding = 4; lastKnownFileType = sourcecode.c.objc; name = ExtraOption.m; path = Data/ExtraOption.m; sourceTree = "<group>"; };
		5ABE8A84204592D000211CF5 /* ExtraOption.h */ = {isa = PBXFileReference; fileEncoding = 4; lastKnownFileType = sourcecode.c.h; name = ExtraOption.h; path = Data/ExtraOption.h; sourceTree = "<group>"; };
		5ABE8A85204592D000211CF5 /* Article.h */ = {isa = PBXFileReference; fileEncoding = 4; lastKnownFileType = sourcecode.c.h; name = Article.h; path = Data/Article.h; sourceTree = "<group>"; };
		5ABE8A86204592D000211CF5 /* Map.m */ = {isa = PBXFileReference; fileEncoding = 4; lastKnownFileType = sourcecode.c.objc; name = Map.m; path = Data/Map.m; sourceTree = "<group>"; };
		5ABE8A92204592DB00211CF5 /* LoginViewController.m */ = {isa = PBXFileReference; fileEncoding = 4; lastKnownFileType = sourcecode.c.objc; name = LoginViewController.m; path = "View Controllers/LoginViewController.m"; sourceTree = "<group>"; };
		5ABE8A93204592DB00211CF5 /* LoginViewController.h */ = {isa = PBXFileReference; fileEncoding = 4; lastKnownFileType = sourcecode.c.h; name = LoginViewController.h; path = "View Controllers/LoginViewController.h"; sourceTree = "<group>"; };
		5ABE8A94204592DB00211CF5 /* HomeViewController.m */ = {isa = PBXFileReference; fileEncoding = 4; lastKnownFileType = sourcecode.c.objc; name = HomeViewController.m; path = "View Controllers/HomeViewController.m"; sourceTree = "<group>"; };
		5ABE8A95204592DB00211CF5 /* SplitViewController.m */ = {isa = PBXFileReference; fileEncoding = 4; lastKnownFileType = sourcecode.c.objc; name = SplitViewController.m; path = "View Controllers/SplitViewController.m"; sourceTree = "<group>"; };
		5ABE8A96204592DB00211CF5 /* ItemsViewController.h */ = {isa = PBXFileReference; fileEncoding = 4; lastKnownFileType = sourcecode.c.h; name = ItemsViewController.h; path = "View Controllers/ItemsViewController.h"; sourceTree = "<group>"; };
		5ABE8A97204592DC00211CF5 /* HomeViewController.h */ = {isa = PBXFileReference; fileEncoding = 4; lastKnownFileType = sourcecode.c.h; name = HomeViewController.h; path = "View Controllers/HomeViewController.h"; sourceTree = "<group>"; };
		5ABE8A98204592DC00211CF5 /* ItemsViewController.m */ = {isa = PBXFileReference; fileEncoding = 4; lastKnownFileType = sourcecode.c.objc; name = ItemsViewController.m; path = "View Controllers/ItemsViewController.m"; sourceTree = "<group>"; };
		5ABE8A99204592DC00211CF5 /* SplitViewController.h */ = {isa = PBXFileReference; fileEncoding = 4; lastKnownFileType = sourcecode.c.h; name = SplitViewController.h; path = "View Controllers/SplitViewController.h"; sourceTree = "<group>"; };
		5AFDF41C2069065300F8E0C3 /* PictureHelper.m */ = {isa = PBXFileReference; fileEncoding = 4; lastKnownFileType = sourcecode.c.objc; name = PictureHelper.m; path = Utils/PictureHelper.m; sourceTree = "<group>"; };
		5AFDF41D2069065300F8E0C3 /* PictureHelper.h */ = {isa = PBXFileReference; fileEncoding = 4; lastKnownFileType = sourcecode.c.h; name = PictureHelper.h; path = Utils/PictureHelper.h; sourceTree = "<group>"; };
		8FD3A74A985A42F5A64D6D4D /* Pods-restaurant.release.xcconfig */ = {isa = PBXFileReference; includeInIndex = 1; lastKnownFileType = text.xcconfig; name = "Pods-restaurant.release.xcconfig"; path = "Target Support Files/Pods-restaurant/Pods-restaurant.release.xcconfig"; sourceTree = "<group>"; };
		B940AF1598E88ECD9D9C1857 /* Pods-restaurant.debug.xcconfig */ = {isa = PBXFileReference; includeInIndex = 1; lastKnownFileType = text.xcconfig; name = "Pods-restaurant.debug.xcconfig"; path = "Target Support Files/Pods-restaurant/Pods-restaurant.debug.xcconfig"; sourceTree = "<group>"; };
		BA0561315B2E0054D307DFEF /* Pods_restaurant.framework */ = {isa = PBXFileReference; explicitFileType = wrapper.framework; includeInIndex = 0; path = Pods_restaurant.framework; sourceTree = BUILT_PRODUCTS_DIR; };
/* End PBXFileReference section */

/* Begin PBXFrameworksBuildPhase section */
		0F7A63291E769BB6007B6B07 /* Frameworks */ = {
			isa = PBXFrameworksBuildPhase;
			buildActionMask = 2147483647;
			files = (
				91D9365A81D79DDF27BD99C4 /* Pods_restaurant.framework in Frameworks */,
			);
			runOnlyForDeploymentPostprocessing = 0;
		};
/* End PBXFrameworksBuildPhase section */

/* Begin PBXGroup section */
		0F7A63231E769BB6007B6B07 = {
			isa = PBXGroup;
			children = (
				0F7A632E1E769BB6007B6B07 /* restaurant */,
				0F7A632D1E769BB6007B6B07 /* Products */,
				FC8AFBDF93144AC4447F7A7A /* Frameworks */,
				15423068BE416DCDFB5B699F /* Pods */,
			);
			sourceTree = "<group>";
		};
		0F7A632D1E769BB6007B6B07 /* Products */ = {
			isa = PBXGroup;
			children = (
				0F7A632C1E769BB6007B6B07 /* restaurant.app */,
			);
			name = Products;
			sourceTree = "<group>";
		};
		0F7A632E1E769BB6007B6B07 /* restaurant */ = {
			isa = PBXGroup;
			children = (
				5ABE8A51204558A000211CF5 /* View Controllers */,
				5ABE8AAA2045BC9E00211CF5 /* Cells */,
				5ABE8A702045926F00211CF5 /* Data */,
				5E2407A4204F2B3C00E82A86 /* Map */,
				5E743B722050A1F10091033A /* ShoppingCart */,
				5A2CD205204E888700BDA138 /* Utils */,
				0F7A63321E769BB6007B6B07 /* AppDelegate.h */,
				0F7A63331E769BB6007B6B07 /* AppDelegate.m */,
				0F7A63381E769BB6007B6B07 /* Main.storyboard */,
				0F7A633D1E769BB6007B6B07 /* LaunchScreen.storyboard */,
				0F7A63401E769BB6007B6B07 /* Info.plist */,
				0F7A633B1E769BB6007B6B07 /* Assets.xcassets */,
				0F7A632F1E769BB6007B6B07 /* Supporting Files */,
			);
			path = restaurant;
			sourceTree = "<group>";
		};
		0F7A632F1E769BB6007B6B07 /* Supporting Files */ = {
			isa = PBXGroup;
			children = (
				0F7A63301E769BB6007B6B07 /* main.m */,
			);
			name = "Supporting Files";
			sourceTree = "<group>";
		};
		15423068BE416DCDFB5B699F /* Pods */ = {
			isa = PBXGroup;
			children = (
				B940AF1598E88ECD9D9C1857 /* Pods-restaurant.debug.xcconfig */,
				8FD3A74A985A42F5A64D6D4D /* Pods-restaurant.release.xcconfig */,
			);
			path = Pods;
			sourceTree = "<group>";
		};
		5A2CD205204E888700BDA138 /* Utils */ = {
			isa = PBXGroup;
			children = (
				5AFDF41D2069065300F8E0C3 /* PictureHelper.h */,
				5AFDF41C2069065300F8E0C3 /* PictureHelper.m */,
				5AAAC5202063B116001A486B /* ColorHelper.h */,
				5AAAC5222063B116001A486B /* ColorHelper.m */,
				5AAAC5232063B116001A486B /* UserDefaultsHelper.h */,
				5AAAC5212063B116001A486B /* UserDefaultsHelper.m */,
			);
			name = Utils;
			sourceTree = "<group>";
		};
		5ABE8A51204558A000211CF5 /* View Controllers */ = {
			isa = PBXGroup;
			children = (
				5AAAC5342063B194001A486B /* AboutUsViewController.h */,
				5AAAC52C2063B194001A486B /* AboutUsViewController.m */,
				5AAAC5332063B194001A486B /* DeliveryMethodsViewController.h */,
				5AAAC52F2063B194001A486B /* DeliveryMethodsViewController.m */,
				5AAAC5302063B194001A486B /* DeliveryViewController.h */,
				5AAAC5322063B194001A486B /* DeliveryViewController.m */,
				5AAAC52D2063B194001A486B /* MapViewController.h */,
				5AAAC5312063B194001A486B /* MapViewController.m */,
				5AAAC52E2063B194001A486B /* ShoppingCartViewController.h */,
				5AAAC53B2063B6DB001A486B /* ShoppingCartViewController.m */,
				5AAAC52A2063B180001A486B /* ItemDetailsViewController.h */,
				5AAAC5292063B180001A486B /* ItemDetailsViewController.m */,
				5AAAC5262063B128001A486B /* AlertViewController.h */,
				5AAAC5272063B129001A486B /* AlertViewController.m */,
				5ABE8A93204592DB00211CF5 /* LoginViewController.h */,
				5ABE8A92204592DB00211CF5 /* LoginViewController.m */,
				5ABE8A99204592DC00211CF5 /* SplitViewController.h */,
				5ABE8A95204592DB00211CF5 /* SplitViewController.m */,
				5ABE8A97204592DC00211CF5 /* HomeViewController.h */,
				5ABE8A94204592DB00211CF5 /* HomeViewController.m */,
				5ABE8A96204592DB00211CF5 /* ItemsViewController.h */,
				5ABE8A98204592DC00211CF5 /* ItemsViewController.m */,
			);
			name = "View Controllers";
			sourceTree = "<group>";
		};
		5ABE8A702045926F00211CF5 /* Data */ = {
			isa = PBXGroup;
			children = (
				5A3AA44A2076238F0078E718 /* DeliveryInputField.h */,
				5A3AA4472076238F0078E718 /* DeliveryInputField.m */,
				5A3AA4482076238F0078E718 /* DeliveryMethod.h */,
				5A3AA4492076238F0078E718 /* DeliveryMethod.m */,
				5ABE8A85204592D000211CF5 /* Article.h */,
				5ABE8A72204592CE00211CF5 /* Article.m */,
				5ABE8A75204592CE00211CF5 /* Business.h */,
				5ABE8A7C204592CF00211CF5 /* Business.m */,
				5ABE8A79204592CF00211CF5 /* Category.h */,
				5ABE8A81204592CF00211CF5 /* Category.m */,
				5ABE8A84204592D000211CF5 /* ExtraOption.h */,
				5ABE8A83204592D000211CF5 /* ExtraOption.m */,
				5ABE8A78204592CF00211CF5 /* Map.h */,
				5ABE8A86204592D000211CF5 /* Map.m */,
				5ABE8A7B204592CF00211CF5 /* MenuItem.h */,
				5ABE8A7D204592CF00211CF5 /* MenuItem.m */,
				5ABE8A82204592CF00211CF5 /* OpenHoursInfo.h */,
				5ABE8A74204592CE00211CF5 /* OpenHoursInfo.m */,
				5ABE8A80204592CF00211CF5 /* Picture.h */,
				5ABE8A76204592CE00211CF5 /* Picture.m */,
				5ABE8A77204592CE00211CF5 /* Price.h */,
				5ABE8A71204592CE00211CF5 /* Price.m */,
				5ABE8A7F204592CF00211CF5 /* StandardOption.h */,
				5ABE8A7E204592CF00211CF5 /* StandardOption.m */,
				5ABE8A73204592CE00211CF5 /* Tag.h */,
				5ABE8A7A204592CF00211CF5 /* Tag.m */,
			);
			name = Data;
			sourceTree = "<group>";
		};
		5ABE8AAA2045BC9E00211CF5 /* Cells */ = {
			isa = PBXGroup;
			children = (
				5AAAC5012063B0E9001A486B /* ItemCell.h */,
				5AAAC5062063B0E9001A486B /* ItemCell.m */,
				5AAAC4FC2063B0E9001A486B /* ItemInfoCell.h */,
				5AAAC5032063B0E9001A486B /* ItemInfoCell.m */,
				5AAAC5052063B0E9001A486B /* OptionsAndExtrasCell.h */,
				5AAAC5072063B0EA001A486B /* OptionsAndExtrasCell.m */,
				5AAAC50B2063B0EA001A486B /* RestaurantInfoCell.h */,
				5AAAC4FF2063B0E9001A486B /* RestaurantInfoCell.m */,
				5AAAC5022063B0E9001A486B /* ShoppingCartCell.h */,
				5AAAC5002063B0E9001A486B /* ShoppingCartCell.m */,
				5AAAC5092063B0EA001A486B /* SizeAndPriceCell.h */,
				5AAAC5042063B0E9001A486B /* SizeAndPriceCell.m */,
				5AAAC4FE2063B0E9001A486B /* TextFieldCell.h */,
				5AAAC4FD2063B0E9001A486B /* TextFieldCell.m */,
				5AAAC50A2063B0EA001A486B /* TextViewCell.h */,
				5AAAC5082063B0EA001A486B /* TextViewCell.m */,
			);
			name = Cells;
			sourceTree = "<group>";
		};
		5E2407A4204F2B3C00E82A86 /* Map */ = {
			isa = PBXGroup;
			children = (
				5AAAC5172063B101001A486B /* MapPin.h */,
				5AAAC5182063B101001A486B /* MapPin.m */,
			);
			name = Map;
			sourceTree = "<group>";
		};
		5E743B722050A1F10091033A /* ShoppingCart */ = {
			isa = PBXGroup;
			children = (
				5AAAC51C2063B10C001A486B /* ShoppingCart.h */,
				5AAAC51B2063B10C001A486B /* ShoppingCart.m */,
				5AAAC51D2063B10D001A486B /* ShoppingCartItem.h */,
				5AAAC51A2063B10C001A486B /* ShoppingCartItem.m */,
			);
			name = ShoppingCart;
			sourceTree = "<group>";
		};
		FC8AFBDF93144AC4447F7A7A /* Frameworks */ = {
			isa = PBXGroup;
			children = (
				5AB62E4B2068F122009DB3C6 /* libbkndlss-simulator.a */,
				BA0561315B2E0054D307DFEF /* Pods_restaurant.framework */,
			);
			name = Frameworks;
			sourceTree = "<group>";
		};
/* End PBXGroup section */

/* Begin PBXNativeTarget section */
		0F7A632B1E769BB6007B6B07 /* restaurant */ = {
			isa = PBXNativeTarget;
			buildConfigurationList = 0F7A63431E769BB6007B6B07 /* Build configuration list for PBXNativeTarget "restaurant" */;
			buildPhases = (
				26E66386B43757A23F7D02DF /* [CP] Check Pods Manifest.lock */,
				0F7A63281E769BB6007B6B07 /* Sources */,
				0F7A63291E769BB6007B6B07 /* Frameworks */,
				0F7A632A1E769BB6007B6B07 /* Resources */,
				78C1F526FFDC66A38E3EA221 /* [CP] Embed Pods Frameworks */,
			);
			buildRules = (
			);
			dependencies = (
			);
			name = restaurant;
			productName = restaurant;
			productReference = 0F7A632C1E769BB6007B6B07 /* restaurant.app */;
			productType = "com.apple.product-type.application";
		};
/* End PBXNativeTarget section */

/* Begin PBXProject section */
		0F7A63241E769BB6007B6B07 /* Project object */ = {
			isa = PBXProject;
			attributes = {
				LastUpgradeCheck = 0930;
				TargetAttributes = {
					0F7A632B1E769BB6007B6B07 = {
						CreatedOnToolsVersion = 8.2.1;
						ProvisioningStyle = Automatic;
					};
				};
			};
			buildConfigurationList = 0F7A63271E769BB6007B6B07 /* Build configuration list for PBXProject "restaurant" */;
			compatibilityVersion = "Xcode 3.2";
			developmentRegion = English;
			hasScannedForEncodings = 0;
			knownRegions = (
				en,
				Base,
			);
			mainGroup = 0F7A63231E769BB6007B6B07;
			productRefGroup = 0F7A632D1E769BB6007B6B07 /* Products */;
			projectDirPath = "";
			projectRoot = "";
			targets = (
				0F7A632B1E769BB6007B6B07 /* restaurant */,
			);
		};
/* End PBXProject section */

/* Begin PBXResourcesBuildPhase section */
		0F7A632A1E769BB6007B6B07 /* Resources */ = {
			isa = PBXResourcesBuildPhase;
			buildActionMask = 2147483647;
			files = (
				0F7A633F1E769BB6007B6B07 /* LaunchScreen.storyboard in Resources */,
				0F7A633C1E769BB6007B6B07 /* Assets.xcassets in Resources */,
				0F7A633A1E769BB6007B6B07 /* Main.storyboard in Resources */,
			);
			runOnlyForDeploymentPostprocessing = 0;
		};
/* End PBXResourcesBuildPhase section */

/* Begin PBXShellScriptBuildPhase section */
		26E66386B43757A23F7D02DF /* [CP] Check Pods Manifest.lock */ = {
			isa = PBXShellScriptBuildPhase;
			buildActionMask = 2147483647;
			files = (
			);
			inputFileListPaths = (
			);
			inputPaths = (
				"${PODS_PODFILE_DIR_PATH}/Podfile.lock",
				"${PODS_ROOT}/Manifest.lock",
			);
			name = "[CP] Check Pods Manifest.lock";
			outputFileListPaths = (
			);
			outputPaths = (
				"$(DERIVED_FILE_DIR)/Pods-restaurant-checkManifestLockResult.txt",
			);
			runOnlyForDeploymentPostprocessing = 0;
			shellPath = /bin/sh;
			shellScript = "diff \"${PODS_PODFILE_DIR_PATH}/Podfile.lock\" \"${PODS_ROOT}/Manifest.lock\" > /dev/null\nif [ $? != 0 ] ; then\n    # print error to STDERR\n    echo \"error: The sandbox is not in sync with the Podfile.lock. Run 'pod install' or update your CocoaPods installation.\" >&2\n    exit 1\nfi\n# This output is used by Xcode 'outputs' to avoid re-running this script phase.\necho \"SUCCESS\" > \"${SCRIPT_OUTPUT_FILE_0}\"\n";
			showEnvVarsInLog = 0;
		};
		78C1F526FFDC66A38E3EA221 /* [CP] Embed Pods Frameworks */ = {
			isa = PBXShellScriptBuildPhase;
			buildActionMask = 2147483647;
			files = (
			);
			inputPaths = (
				"${PODS_ROOT}/Target Support Files/Pods-restaurant/Pods-restaurant-frameworks.sh",
				"${BUILT_PRODUCTS_DIR}/Socket.IO-Client-Swift/SocketIO.framework",
				"${BUILT_PRODUCTS_DIR}/Starscream/Starscream.framework",
			);
			name = "[CP] Embed Pods Frameworks";
			outputPaths = (
				"${TARGET_BUILD_DIR}/${FRAMEWORKS_FOLDER_PATH}/SocketIO.framework",
				"${TARGET_BUILD_DIR}/${FRAMEWORKS_FOLDER_PATH}/Starscream.framework",
			);
			runOnlyForDeploymentPostprocessing = 0;
			shellPath = /bin/sh;
			shellScript = "\"${PODS_ROOT}/Target Support Files/Pods-restaurant/Pods-restaurant-frameworks.sh\"\n";
			showEnvVarsInLog = 0;
		};
/* End PBXShellScriptBuildPhase section */

/* Begin PBXSourcesBuildPhase section */
		0F7A63281E769BB6007B6B07 /* Sources */ = {
			isa = PBXSourcesBuildPhase;
			buildActionMask = 2147483647;
			files = (
				5AAAC5112063B0EA001A486B /* ItemCell.m in Sources */,
				5ABE8A8B204592D000211CF5 /* Tag.m in Sources */,
				5AAAC5362063B194001A486B /* DeliveryMethodsViewController.m in Sources */,
				5AAAC5372063B194001A486B /* MapViewController.m in Sources */,
				0F7A63341E769BB6007B6B07 /* AppDelegate.m in Sources */,
				5AAAC5132063B0EA001A486B /* TextViewCell.m in Sources */,
				5AAAC5352063B194001A486B /* AboutUsViewController.m in Sources */,
				5AAAC5192063B101001A486B /* MapPin.m in Sources */,
				5A3AA44C2076238F0078E718 /* DeliveryMethod.m in Sources */,
				5AAAC53C2063B6DC001A486B /* ShoppingCartViewController.m in Sources */,
				5AAAC5282063B129001A486B /* AlertViewController.m in Sources */,
				5A3AA44B2076238F0078E718 /* DeliveryInputField.m in Sources */,
				5AAAC50D2063B0EA001A486B /* RestaurantInfoCell.m in Sources */,
				5ABE8A8F204592D000211CF5 /* Category.m in Sources */,
				5ABE8A8E204592D000211CF5 /* StandardOption.m in Sources */,
				5AAAC5252063B116001A486B /* ColorHelper.m in Sources */,
				5ABE8A9D204592DC00211CF5 /* ItemsViewController.m in Sources */,
				5AAAC51E2063B10D001A486B /* ShoppingCartItem.m in Sources */,
				5ABE8A8D204592D000211CF5 /* MenuItem.m in Sources */,
				5ABE8A88204592D000211CF5 /* Article.m in Sources */,
				5AAAC5122063B0EA001A486B /* OptionsAndExtrasCell.m in Sources */,
				5AAAC5102063B0EA001A486B /* SizeAndPriceCell.m in Sources */,
				5AAAC50F2063B0EA001A486B /* ItemInfoCell.m in Sources */,
				5AAAC5242063B116001A486B /* UserDefaultsHelper.m in Sources */,
				5ABE8A90204592D000211CF5 /* ExtraOption.m in Sources */,
				5ABE8A8C204592D000211CF5 /* Business.m in Sources */,
				5AAAC52B2063B180001A486B /* ItemDetailsViewController.m in Sources */,
				5ABE8A9C204592DC00211CF5 /* SplitViewController.m in Sources */,
				5AAAC50E2063B0EA001A486B /* ShoppingCartCell.m in Sources */,
				5ABE8A8A204592D000211CF5 /* Picture.m in Sources */,
				5AAAC5382063B194001A486B /* DeliveryViewController.m in Sources */,
				0F7A63311E769BB6007B6B07 /* main.m in Sources */,
				5ABE8A91204592D000211CF5 /* Map.m in Sources */,
				5ABE8A89204592D000211CF5 /* OpenHoursInfo.m in Sources */,
				5ABE8A9B204592DC00211CF5 /* HomeViewController.m in Sources */,
				5AAAC51F2063B10D001A486B /* ShoppingCart.m in Sources */,
				5AFDF41E2069065300F8E0C3 /* PictureHelper.m in Sources */,
				5AAAC50C2063B0EA001A486B /* TextFieldCell.m in Sources */,
				5ABE8A87204592D000211CF5 /* Price.m in Sources */,
				5ABE8A9A204592DC00211CF5 /* LoginViewController.m in Sources */,
			);
			runOnlyForDeploymentPostprocessing = 0;
		};
/* End PBXSourcesBuildPhase section */

/* Begin PBXVariantGroup section */
		0F7A63381E769BB6007B6B07 /* Main.storyboard */ = {
			isa = PBXVariantGroup;
			children = (
				0F7A63391E769BB6007B6B07 /* Base */,
			);
			name = Main.storyboard;
			sourceTree = "<group>";
		};
		0F7A633D1E769BB6007B6B07 /* LaunchScreen.storyboard */ = {
			isa = PBXVariantGroup;
			children = (
				0F7A633E1E769BB6007B6B07 /* Base */,
			);
			name = LaunchScreen.storyboard;
			sourceTree = "<group>";
		};
/* End PBXVariantGroup section */

/* Begin XCBuildConfiguration section */
		0F7A63411E769BB6007B6B07 /* Debug */ = {
			isa = XCBuildConfiguration;
			buildSettings = {
				ALWAYS_SEARCH_USER_PATHS = NO;
				CLANG_ANALYZER_NONNULL = YES;
				CLANG_CXX_LANGUAGE_STANDARD = "gnu++0x";
				CLANG_CXX_LIBRARY = "libc++";
				CLANG_ENABLE_MODULES = YES;
				CLANG_ENABLE_OBJC_ARC = YES;
				CLANG_WARN_BLOCK_CAPTURE_AUTORELEASING = YES;
				CLANG_WARN_BOOL_CONVERSION = YES;
				CLANG_WARN_COMMA = YES;
				CLANG_WARN_CONSTANT_CONVERSION = YES;
				CLANG_WARN_DEPRECATED_OBJC_IMPLEMENTATIONS = YES;
				CLANG_WARN_DIRECT_OBJC_ISA_USAGE = YES_ERROR;
				CLANG_WARN_DOCUMENTATION_COMMENTS = YES;
				CLANG_WARN_EMPTY_BODY = YES;
				CLANG_WARN_ENUM_CONVERSION = YES;
				CLANG_WARN_INFINITE_RECURSION = YES;
				CLANG_WARN_INT_CONVERSION = YES;
				CLANG_WARN_NON_LITERAL_NULL_CONVERSION = YES;
				CLANG_WARN_OBJC_IMPLICIT_RETAIN_SELF = YES;
				CLANG_WARN_OBJC_LITERAL_CONVERSION = YES;
				CLANG_WARN_OBJC_ROOT_CLASS = YES_ERROR;
				CLANG_WARN_RANGE_LOOP_ANALYSIS = YES;
				CLANG_WARN_STRICT_PROTOTYPES = YES;
				CLANG_WARN_SUSPICIOUS_MOVE = YES;
				CLANG_WARN_UNREACHABLE_CODE = YES;
				CLANG_WARN__DUPLICATE_METHOD_MATCH = YES;
				"CODE_SIGN_IDENTITY[sdk=iphoneos*]" = "iPhone Developer";
				COPY_PHASE_STRIP = NO;
				DEBUG_INFORMATION_FORMAT = dwarf;
				ENABLE_STRICT_OBJC_MSGSEND = YES;
				ENABLE_TESTABILITY = YES;
				GCC_C_LANGUAGE_STANDARD = gnu99;
				GCC_DYNAMIC_NO_PIC = NO;
				GCC_NO_COMMON_BLOCKS = YES;
				GCC_OPTIMIZATION_LEVEL = 0;
				GCC_PREPROCESSOR_DEFINITIONS = (
					"DEBUG=1",
					"$(inherited)",
				);
				GCC_WARN_64_TO_32_BIT_CONVERSION = YES;
				GCC_WARN_ABOUT_RETURN_TYPE = YES_ERROR;
				GCC_WARN_UNDECLARED_SELECTOR = YES;
				GCC_WARN_UNINITIALIZED_AUTOS = YES_AGGRESSIVE;
				GCC_WARN_UNUSED_FUNCTION = YES;
				GCC_WARN_UNUSED_VARIABLE = YES;
				IPHONEOS_DEPLOYMENT_TARGET = 8.0;
				MTL_ENABLE_DEBUG_INFO = YES;
				ONLY_ACTIVE_ARCH = YES;
				SDKROOT = iphoneos;
			};
			name = Debug;
		};
		0F7A63421E769BB6007B6B07 /* Release */ = {
			isa = XCBuildConfiguration;
			buildSettings = {
				ALWAYS_SEARCH_USER_PATHS = NO;
				CLANG_ANALYZER_NONNULL = YES;
				CLANG_CXX_LANGUAGE_STANDARD = "gnu++0x";
				CLANG_CXX_LIBRARY = "libc++";
				CLANG_ENABLE_MODULES = YES;
				CLANG_ENABLE_OBJC_ARC = YES;
				CLANG_WARN_BLOCK_CAPTURE_AUTORELEASING = YES;
				CLANG_WARN_BOOL_CONVERSION = YES;
				CLANG_WARN_COMMA = YES;
				CLANG_WARN_CONSTANT_CONVERSION = YES;
				CLANG_WARN_DEPRECATED_OBJC_IMPLEMENTATIONS = YES;
				CLANG_WARN_DIRECT_OBJC_ISA_USAGE = YES_ERROR;
				CLANG_WARN_DOCUMENTATION_COMMENTS = YES;
				CLANG_WARN_EMPTY_BODY = YES;
				CLANG_WARN_ENUM_CONVERSION = YES;
				CLANG_WARN_INFINITE_RECURSION = YES;
				CLANG_WARN_INT_CONVERSION = YES;
				CLANG_WARN_NON_LITERAL_NULL_CONVERSION = YES;
				CLANG_WARN_OBJC_IMPLICIT_RETAIN_SELF = YES;
				CLANG_WARN_OBJC_LITERAL_CONVERSION = YES;
				CLANG_WARN_OBJC_ROOT_CLASS = YES_ERROR;
				CLANG_WARN_RANGE_LOOP_ANALYSIS = YES;
				CLANG_WARN_STRICT_PROTOTYPES = YES;
				CLANG_WARN_SUSPICIOUS_MOVE = YES;
				CLANG_WARN_UNREACHABLE_CODE = YES;
				CLANG_WARN__DUPLICATE_METHOD_MATCH = YES;
				"CODE_SIGN_IDENTITY[sdk=iphoneos*]" = "iPhone Developer";
				COPY_PHASE_STRIP = NO;
				DEBUG_INFORMATION_FORMAT = "dwarf-with-dsym";
				ENABLE_NS_ASSERTIONS = NO;
				ENABLE_STRICT_OBJC_MSGSEND = YES;
				GCC_C_LANGUAGE_STANDARD = gnu99;
				GCC_NO_COMMON_BLOCKS = YES;
				GCC_WARN_64_TO_32_BIT_CONVERSION = YES;
				GCC_WARN_ABOUT_RETURN_TYPE = YES_ERROR;
				GCC_WARN_UNDECLARED_SELECTOR = YES;
				GCC_WARN_UNINITIALIZED_AUTOS = YES_AGGRESSIVE;
				GCC_WARN_UNUSED_FUNCTION = YES;
				GCC_WARN_UNUSED_VARIABLE = YES;
				IPHONEOS_DEPLOYMENT_TARGET = 8.0;
				MTL_ENABLE_DEBUG_INFO = NO;
				SDKROOT = iphoneos;
				VALIDATE_PRODUCT = YES;
			};
			name = Release;
		};
		0F7A63441E769BB6007B6B07 /* Debug */ = {
			isa = XCBuildConfiguration;
			baseConfigurationReference = B940AF1598E88ECD9D9C1857 /* Pods-restaurant.debug.xcconfig */;
			buildSettings = {
				ALWAYS_EMBED_SWIFT_STANDARD_LIBRARIES = YES;
				ASSETCATALOG_COMPILER_APPICON_NAME = AppIcon;
				DEVELOPMENT_TEAM = "";
				INFOPLIST_FILE = restaurant/Info.plist;
				IPHONEOS_DEPLOYMENT_TARGET = 9.0;
				LD_RUNPATH_SEARCH_PATHS = "$(inherited) @executable_path/Frameworks";
				LIBRARY_SEARCH_PATHS = "$(inherited)";
				PRODUCT_BUNDLE_IDENTIFIER = com.backendless.blueprints.restaurant;
				PRODUCT_NAME = "$(TARGET_NAME)";
				SWIFT_VERSION = 4.2;
				TARGETED_DEVICE_FAMILY = "1,2";
			};
			name = Debug;
		};
		0F7A63451E769BB6007B6B07 /* Release */ = {
			isa = XCBuildConfiguration;
			baseConfigurationReference = 8FD3A74A985A42F5A64D6D4D /* Pods-restaurant.release.xcconfig */;
			buildSettings = {
				ALWAYS_EMBED_SWIFT_STANDARD_LIBRARIES = YES;
				ASSETCATALOG_COMPILER_APPICON_NAME = AppIcon;
				DEVELOPMENT_TEAM = "";
				INFOPLIST_FILE = restaurant/Info.plist;
				IPHONEOS_DEPLOYMENT_TARGET = 9.0;
				LD_RUNPATH_SEARCH_PATHS = "$(inherited) @executable_path/Frameworks";
				LIBRARY_SEARCH_PATHS = "$(inherited)";
				PRODUCT_BUNDLE_IDENTIFIER = com.backendless.blueprints.restaurant;
				PRODUCT_NAME = "$(TARGET_NAME)";
				SWIFT_VERSION = 4.2;
				TARGETED_DEVICE_FAMILY = "1,2";
			};
			name = Release;
		};
/* End XCBuildConfiguration section */

/* Begin XCConfigurationList section */
		0F7A63271E769BB6007B6B07 /* Build configuration list for PBXProject "restaurant" */ = {
			isa = XCConfigurationList;
			buildConfigurations = (
				0F7A63411E769BB6007B6B07 /* Debug */,
				0F7A63421E769BB6007B6B07 /* Release */,
			);
			defaultConfigurationIsVisible = 0;
			defaultConfigurationName = Release;
		};
		0F7A63431E769BB6007B6B07 /* Build configuration list for PBXNativeTarget "restaurant" */ = {
			isa = XCConfigurationList;
			buildConfigurations = (
				0F7A63441E769BB6007B6B07 /* Debug */,
				0F7A63451E769BB6007B6B07 /* Release */,
			);
			defaultConfigurationIsVisible = 0;
			defaultConfigurationName = Release;
		};
/* End XCConfigurationList section */
	};
	rootObject = 0F7A63241E769BB6007B6B07 /* Project object */;
}
